// !$*UTF8*$!
{
	archiveVersion = 1;
	classes = {
	};
	objectVersion = 50;
	objects = {

/* Begin PBXBuildFile section */
		1567B99E24E435AF00EDB48A /* OpenGL.framework in Frameworks */ = {isa = PBXBuildFile; fileRef = 1567B99D24E435AF00EDB48A /* OpenGL.framework */; };
		1567B9A024E435C100EDB48A /* libGLEW.2.1.0.dylib in Frameworks */ = {isa = PBXBuildFile; fileRef = 1567B99F24E435C100EDB48A /* libGLEW.2.1.0.dylib */; };
		1567B9A224E435D000EDB48A /* libglfw.3.3.dylib in Frameworks */ = {isa = PBXBuildFile; fileRef = 1567B9A124E435D000EDB48A /* libglfw.3.3.dylib */; };
		1567B9B024E435EB00EDB48A /* processor.cpp in Sources */ = {isa = PBXBuildFile; fileRef = 1567B9A324E435EB00EDB48A /* processor.cpp */; };
		1567B9B124E435EB00EDB48A /* main.cpp in Sources */ = {isa = PBXBuildFile; fileRef = 1567B9AA24E435EB00EDB48A /* main.cpp */; };
		1567B9B224E435EB00EDB48A /* base.cpp in Sources */ = {isa = PBXBuildFile; fileRef = 1567B9AB24E435EB00EDB48A /* base.cpp */; };
		1567B9B324E435EB00EDB48A /* worker.cpp in Sources */ = {isa = PBXBuildFile; fileRef = 1567B9AC24E435EB00EDB48A /* worker.cpp */; };
		1567B9B424E435EB00EDB48A /* shader.cpp in Sources */ = {isa = PBXBuildFile; fileRef = 1567B9AD24E435EB00EDB48A /* shader.cpp */; };
/* End PBXBuildFile section */

/* Begin PBXCopyFilesBuildPhase section */
		1567B99024E4358700EDB48A /* CopyFiles */ = {
			isa = PBXCopyFilesBuildPhase;
			buildActionMask = 2147483647;
			dstPath = /usr/share/man/man1/;
			dstSubfolderSpec = 0;
			files = (
			);
			runOnlyForDeploymentPostprocessing = 1;
		};
/* End PBXCopyFilesBuildPhase section */

/* Begin PBXFileReference section */
		1567B99224E4358700EDB48A /* CPU_consumption */ = {isa = PBXFileReference; explicitFileType = "compiled.mach-o.executable"; includeInIndex = 0; path = CPU_consumption; sourceTree = BUILT_PRODUCTS_DIR; };
		1567B99D24E435AF00EDB48A /* OpenGL.framework */ = {isa = PBXFileReference; lastKnownFileType = wrapper.framework; name = OpenGL.framework; path = System/Library/Frameworks/OpenGL.framework; sourceTree = SDKROOT; };
		1567B99F24E435C100EDB48A /* libGLEW.2.1.0.dylib */ = {isa = PBXFileReference; lastKnownFileType = "compiled.mach-o.dylib"; name = libGLEW.2.1.0.dylib; path = ../../../../usr/local/Cellar/glew/2.1.0_1/lib/libGLEW.2.1.0.dylib; sourceTree = "<group>"; };
		1567B9A124E435D000EDB48A /* libglfw.3.3.dylib */ = {isa = PBXFileReference; lastKnownFileType = "compiled.mach-o.dylib"; name = libglfw.3.3.dylib; path = ../../../../usr/local/Cellar/glfw/3.3.2/lib/libglfw.3.3.dylib; sourceTree = "<group>"; };
		1567B9A324E435EB00EDB48A /* processor.cpp */ = {isa = PBXFileReference; fileEncoding = 4; lastKnownFileType = sourcecode.cpp.cpp; path = processor.cpp; sourceTree = "<group>"; };
		1567B9A424E435EB00EDB48A /* constants.h */ = {isa = PBXFileReference; fileEncoding = 4; lastKnownFileType = sourcecode.c.h; path = constants.h; sourceTree = "<group>"; };
		1567B9A524E435EB00EDB48A /* processor.h */ = {isa = PBXFileReference; fileEncoding = 4; lastKnownFileType = sourcecode.c.h; path = processor.h; sourceTree = "<group>"; };
		1567B9A624E435EB00EDB48A /* container.h */ = {isa = PBXFileReference; fileEncoding = 4; lastKnownFileType = sourcecode.c.h; path = container.h; sourceTree = "<group>"; };
		1567B9A724E435EB00EDB48A /* shader.h */ = {isa = PBXFileReference; fileEncoding = 4; lastKnownFileType = sourcecode.c.h; path = shader.h; sourceTree = "<group>"; };
		1567B9A824E435EB00EDB48A /* worker.h */ = {isa = PBXFileReference; fileEncoding = 4; lastKnownFileType = sourcecode.c.h; path = worker.h; sourceTree = "<group>"; };
		1567B9A924E435EB00EDB48A /* core.vs */ = {isa = PBXFileReference; fileEncoding = 4; lastKnownFileType = sourcecode.glsl; path = core.vs; sourceTree = "<group>"; };
		1567B9AA24E435EB00EDB48A /* main.cpp */ = {isa = PBXFileReference; fileEncoding = 4; lastKnownFileType = sourcecode.cpp.cpp; path = main.cpp; sourceTree = "<group>"; };
		1567B9AB24E435EB00EDB48A /* base.cpp */ = {isa = PBXFileReference; fileEncoding = 4; lastKnownFileType = sourcecode.cpp.cpp; path = base.cpp; sourceTree = "<group>"; };
		1567B9AC24E435EB00EDB48A /* worker.cpp */ = {isa = PBXFileReference; fileEncoding = 4; lastKnownFileType = sourcecode.cpp.cpp; path = worker.cpp; sourceTree = "<group>"; };
		1567B9AD24E435EB00EDB48A /* shader.cpp */ = {isa = PBXFileReference; fileEncoding = 4; lastKnownFileType = sourcecode.cpp.cpp; path = shader.cpp; sourceTree = "<group>"; };
		1567B9AE24E435EB00EDB48A /* base.h */ = {isa = PBXFileReference; fileEncoding = 4; lastKnownFileType = sourcecode.c.h; path = base.h; sourceTree = "<group>"; };
		1567B9AF24E435EB00EDB48A /* core.frag */ = {isa = PBXFileReference; fileEncoding = 4; lastKnownFileType = sourcecode.glsl; path = core.frag; sourceTree = "<group>"; };
/* End PBXFileReference section */

/* Begin PBXFrameworksBuildPhase section */
		1567B98F24E4358700EDB48A /* Frameworks */ = {
			isa = PBXFrameworksBuildPhase;
			buildActionMask = 2147483647;
			files = (
				1567B9A224E435D000EDB48A /* libglfw.3.3.dylib in Frameworks */,
				1567B9A024E435C100EDB48A /* libGLEW.2.1.0.dylib in Frameworks */,
				1567B99E24E435AF00EDB48A /* OpenGL.framework in Frameworks */,
			);
			runOnlyForDeploymentPostprocessing = 0;
		};
/* End PBXFrameworksBuildPhase section */

/* Begin PBXGroup section */
		1567B98924E4358700EDB48A = {
			isa = PBXGroup;
			children = (
				1567B99424E4358700EDB48A /* CPU_consumption */,
				1567B99324E4358700EDB48A /* Products */,
				1567B99C24E435AF00EDB48A /* Frameworks */,
			);
			sourceTree = "<group>";
		};
		1567B99324E4358700EDB48A /* Products */ = {
			isa = PBXGroup;
			children = (
				1567B99224E4358700EDB48A /* CPU_consumption */,
			);
			name = Products;
			sourceTree = "<group>";
		};
		1567B99424E4358700EDB48A /* CPU_consumption */ = {
			isa = PBXGroup;
			children = (
				1567B9AB24E435EB00EDB48A /* base.cpp */,
				1567B9AE24E435EB00EDB48A /* base.h */,
				1567B9A424E435EB00EDB48A /* constants.h */,
				1567B9A624E435EB00EDB48A /* container.h */,
				1567B9AF24E435EB00EDB48A /* core.frag */,
				1567B9A924E435EB00EDB48A /* core.vs */,
				1567B9AA24E435EB00EDB48A /* main.cpp */,
				1567B9A324E435EB00EDB48A /* processor.cpp */,
				1567B9A524E435EB00EDB48A /* processor.h */,
				1567B9AD24E435EB00EDB48A /* shader.cpp */,
				1567B9A724E435EB00EDB48A /* shader.h */,
				1567B9AC24E435EB00EDB48A /* worker.cpp */,
				1567B9A824E435EB00EDB48A /* worker.h */,
			);
			path = CPU_consumption;
			sourceTree = "<group>";
		};
		1567B99C24E435AF00EDB48A /* Frameworks */ = {
			isa = PBXGroup;
			children = (
				1567B9A124E435D000EDB48A /* libglfw.3.3.dylib */,
				1567B99F24E435C100EDB48A /* libGLEW.2.1.0.dylib */,
				1567B99D24E435AF00EDB48A /* OpenGL.framework */,
			);
			name = Frameworks;
			sourceTree = "<group>";
		};
/* End PBXGroup section */

/* Begin PBXNativeTarget section */
		1567B99124E4358700EDB48A /* CPU_consumption */ = {
			isa = PBXNativeTarget;
			buildConfigurationList = 1567B99924E4358700EDB48A /* Build configuration list for PBXNativeTarget "CPU_consumption" */;
			buildPhases = (
				1567B98E24E4358700EDB48A /* Sources */,
				1567B98F24E4358700EDB48A /* Frameworks */,
				1567B99024E4358700EDB48A /* CopyFiles */,
			);
			buildRules = (
			);
			dependencies = (
			);
			name = CPU_consumption;
			productName = CPU_consumption;
			productReference = 1567B99224E4358700EDB48A /* CPU_consumption */;
			productType = "com.apple.product-type.tool";
		};
/* End PBXNativeTarget section */

/* Begin PBXProject section */
		1567B98A24E4358700EDB48A /* Project object */ = {
			isa = PBXProject;
			attributes = {
				LastUpgradeCheck = 1150;
				ORGANIZATIONNAME = "Nikolay Fedotenko";
				TargetAttributes = {
					1567B99124E4358700EDB48A = {
						CreatedOnToolsVersion = 11.5;
					};
				};
			};
			buildConfigurationList = 1567B98D24E4358700EDB48A /* Build configuration list for PBXProject "CPU_consumption" */;
			compatibilityVersion = "Xcode 9.3";
			developmentRegion = en;
			hasScannedForEncodings = 0;
			knownRegions = (
				en,
				Base,
			);
			mainGroup = 1567B98924E4358700EDB48A;
			productRefGroup = 1567B99324E4358700EDB48A /* Products */;
			projectDirPath = "";
			projectRoot = "";
			targets = (
				1567B99124E4358700EDB48A /* CPU_consumption */,
			);
		};
/* End PBXProject section */

/* Begin PBXSourcesBuildPhase section */
		1567B98E24E4358700EDB48A /* Sources */ = {
			isa = PBXSourcesBuildPhase;
			buildActionMask = 2147483647;
			files = (
				1567B9B424E435EB00EDB48A /* shader.cpp in Sources */,
				1567B9B124E435EB00EDB48A /* main.cpp in Sources */,
				1567B9B324E435EB00EDB48A /* worker.cpp in Sources */,
				1567B9B024E435EB00EDB48A /* processor.cpp in Sources */,
				1567B9B224E435EB00EDB48A /* base.cpp in Sources */,
			);
			runOnlyForDeploymentPostprocessing = 0;
		};
/* End PBXSourcesBuildPhase section */

/* Begin XCBuildConfiguration section */
		1567B99724E4358700EDB48A /* Debug */ = {
			isa = XCBuildConfiguration;
			buildSettings = {
				ALWAYS_SEARCH_USER_PATHS = NO;
				CLANG_ANALYZER_NONNULL = YES;
				CLANG_ANALYZER_NUMBER_OBJECT_CONVERSION = YES_AGGRESSIVE;
				CLANG_CXX_LANGUAGE_STANDARD = "gnu++14";
				CLANG_CXX_LIBRARY = "libc++";
				CLANG_ENABLE_MODULES = YES;
				CLANG_ENABLE_OBJC_ARC = YES;
				CLANG_ENABLE_OBJC_WEAK = YES;
				CLANG_WARN_BLOCK_CAPTURE_AUTORELEASING = YES;
				CLANG_WARN_BOOL_CONVERSION = YES;
				CLANG_WARN_COMMA = YES;
				CLANG_WARN_CONSTANT_CONVERSION = YES;
				CLANG_WARN_DEPRECATED_OBJC_IMPLEMENTATIONS = YES;
				CLANG_WARN_DIRECT_OBJC_ISA_USAGE = YES_ERROR;
				CLANG_WARN_DOCUMENTATION_COMMENTS = YES;
				CLANG_WARN_EMPTY_BODY = YES;
				CLANG_WARN_ENUM_CONVERSION = YES;
				CLANG_WARN_INFINITE_RECURSION = YES;
				CLANG_WARN_INT_CONVERSION = YES;
				CLANG_WARN_NON_LITERAL_NULL_CONVERSION = YES;
				CLANG_WARN_OBJC_IMPLICIT_RETAIN_SELF = YES;
				CLANG_WARN_OBJC_LITERAL_CONVERSION = YES;
				CLANG_WARN_OBJC_ROOT_CLASS = YES_ERROR;
				CLANG_WARN_RANGE_LOOP_ANALYSIS = YES;
				CLANG_WARN_STRICT_PROTOTYPES = YES;
				CLANG_WARN_SUSPICIOUS_MOVE = YES;
				CLANG_WARN_UNGUARDED_AVAILABILITY = YES_AGGRESSIVE;
				CLANG_WARN_UNREACHABLE_CODE = YES;
				CLANG_WARN__DUPLICATE_METHOD_MATCH = YES;
				COPY_PHASE_STRIP = NO;
				DEBUG_INFORMATION_FORMAT = dwarf;
				ENABLE_STRICT_OBJC_MSGSEND = YES;
				ENABLE_TESTABILITY = YES;
				GCC_C_LANGUAGE_STANDARD = gnu11;
				GCC_DYNAMIC_NO_PIC = NO;
				GCC_NO_COMMON_BLOCKS = YES;
				GCC_OPTIMIZATION_LEVEL = 0;
				GCC_PREPROCESSOR_DEFINITIONS = (
					"DEBUG=1",
					"$(inherited)",
				);
				GCC_WARN_64_TO_32_BIT_CONVERSION = YES;
				GCC_WARN_ABOUT_RETURN_TYPE = YES_ERROR;
				GCC_WARN_UNDECLARED_SELECTOR = YES;
				GCC_WARN_UNINITIALIZED_AUTOS = YES_AGGRESSIVE;
				GCC_WARN_UNUSED_FUNCTION = YES;
				GCC_WARN_UNUSED_VARIABLE = YES;
				MACOSX_DEPLOYMENT_TARGET = 10.15;
				MTL_ENABLE_DEBUG_INFO = INCLUDE_SOURCE;
				MTL_FAST_MATH = YES;
				ONLY_ACTIVE_ARCH = YES;
				SDKROOT = macosx;
			};
			name = Debug;
		};
		1567B99824E4358700EDB48A /* Release */ = {
			isa = XCBuildConfiguration;
			buildSettings = {
				ALWAYS_SEARCH_USER_PATHS = NO;
				CLANG_ANALYZER_NONNULL = YES;
				CLANG_ANALYZER_NUMBER_OBJECT_CONVERSION = YES_AGGRESSIVE;
				CLANG_CXX_LANGUAGE_STANDARD = "gnu++14";
				CLANG_CXX_LIBRARY = "libc++";
				CLANG_ENABLE_MODULES = YES;
				CLANG_ENABLE_OBJC_ARC = YES;
				CLANG_ENABLE_OBJC_WEAK = YES;
				CLANG_WARN_BLOCK_CAPTURE_AUTORELEASING = YES;
				CLANG_WARN_BOOL_CONVERSION = YES;
				CLANG_WARN_COMMA = YES;
				CLANG_WARN_CONSTANT_CONVERSION = YES;
				CLANG_WARN_DEPRECATED_OBJC_IMPLEMENTATIONS = YES;
				CLANG_WARN_DIRECT_OBJC_ISA_USAGE = YES_ERROR;
				CLANG_WARN_DOCUMENTATION_COMMENTS = YES;
				CLANG_WARN_EMPTY_BODY = YES;
				CLANG_WARN_ENUM_CONVERSION = YES;
				CLANG_WARN_INFINITE_RECURSION = YES;
				CLANG_WARN_INT_CONVERSION = YES;
				CLANG_WARN_NON_LITERAL_NULL_CONVERSION = YES;
				CLANG_WARN_OBJC_IMPLICIT_RETAIN_SELF = YES;
				CLANG_WARN_OBJC_LITERAL_CONVERSION = YES;
				CLANG_WARN_OBJC_ROOT_CLASS = YES_ERROR;
				CLANG_WARN_RANGE_LOOP_ANALYSIS = YES;
				CLANG_WARN_STRICT_PROTOTYPES = YES;
				CLANG_WARN_SUSPICIOUS_MOVE = YES;
				CLANG_WARN_UNGUARDED_AVAILABILITY = YES_AGGRESSIVE;
				CLANG_WARN_UNREACHABLE_CODE = YES;
				CLANG_WARN__DUPLICATE_METHOD_MATCH = YES;
				COPY_PHASE_STRIP = NO;
				DEBUG_INFORMATION_FORMAT = "dwarf-with-dsym";
				ENABLE_NS_ASSERTIONS = NO;
				ENABLE_STRICT_OBJC_MSGSEND = YES;
				GCC_C_LANGUAGE_STANDARD = gnu11;
				GCC_NO_COMMON_BLOCKS = YES;
				GCC_WARN_64_TO_32_BIT_CONVERSION = YES;
				GCC_WARN_ABOUT_RETURN_TYPE = YES_ERROR;
				GCC_WARN_UNDECLARED_SELECTOR = YES;
				GCC_WARN_UNINITIALIZED_AUTOS = YES_AGGRESSIVE;
				GCC_WARN_UNUSED_FUNCTION = YES;
				GCC_WARN_UNUSED_VARIABLE = YES;
				MACOSX_DEPLOYMENT_TARGET = 10.15;
				MTL_ENABLE_DEBUG_INFO = NO;
				MTL_FAST_MATH = YES;
				SDKROOT = macosx;
			};
			name = Release;
		};
		1567B99A24E4358700EDB48A /* Debug */ = {
			isa = XCBuildConfiguration;
			buildSettings = {
				CODE_SIGN_STYLE = Automatic;
				HEADER_SEARCH_PATHS = /usr/local/include;
				LIBRARY_SEARCH_PATHS = (
					"$(inherited)",
					/usr/local/Cellar/glew/2.1.0_1/lib,
					/usr/local/Cellar/glfw/3.3.2/lib,
				);
				PRODUCT_NAME = "$(TARGET_NAME)";
			};
			name = Debug;
		};
		1567B99B24E4358700EDB48A /* Release */ = {
			isa = XCBuildConfiguration;
			buildSettings = {
				CODE_SIGN_STYLE = Automatic;
				HEADER_SEARCH_PATHS = /usr/local/include;
				LIBRARY_SEARCH_PATHS = (
					"$(inherited)",
					/usr/local/Cellar/glew/2.1.0_1/lib,
					/usr/local/Cellar/glfw/3.3.2/lib,
				);
				PRODUCT_NAME = "$(TARGET_NAME)";
			};
			name = Release;
		};
/* End XCBuildConfiguration section */

/* Begin XCConfigurationList section */
		1567B98D24E4358700EDB48A /* Build configuration list for PBXProject "CPU_consumption" */ = {
			isa = XCConfigurationList;
			buildConfigurations = (
				1567B99724E4358700EDB48A /* Debug */,
				1567B99824E4358700EDB48A /* Release */,
			);
			defaultConfigurationIsVisible = 0;
			defaultConfigurationName = Release;
		};
		1567B99924E4358700EDB48A /* Build configuration list for PBXNativeTarget "CPU_consumption" */ = {
			isa = XCConfigurationList;
			buildConfigurations = (
				1567B99A24E4358700EDB48A /* Debug */,
				1567B99B24E4358700EDB48A /* Release */,
			);
			defaultConfigurationIsVisible = 0;
			defaultConfigurationName = Release;
		};
/* End XCConfigurationList section */
	};
	rootObject = 1567B98A24E4358700EDB48A /* Project object */;
}
